
Microsoft Visual Studio Solution File, Format Version 12.00
# Visual Studio Version 16
VisualStudioVersion = 16.0.31321.278
MinimumVisualStudioVersion = 10.0.40219.1
Project("{9A19103F-16F7-4668-BE54-9A1E7A4F7556}") = "EduTestWebApplication", "EduTestWebApplication.Main\EduTestWebApplication.csproj", "{F60BD44D-8326-4D13-A346-330FCF013B89}"
EndProject
Project("{9A19103F-16F7-4668-BE54-9A1E7A4F7556}") = "EduTestWebApplication.Test", "EduTestWebApplication.Test\EduTestWebApplication.Test.csproj", "{531C83FB-DF12-4B41-8713-14A4159E5FAB}"
EndProject
Global
	GlobalSection(SolutionConfigurationPlatforms) = preSolution
		Debug|Any CPU = Debug|Any CPU
		Release|Any CPU = Release|Any CPU
	EndGlobalSection
	GlobalSection(ProjectConfigurationPlatforms) = postSolution
		{F60BD44D-8326-4D13-A346-330FCF013B89}.Debug|Any CPU.ActiveCfg = Debug|Any CPU
		{F60BD44D-8326-4D13-A346-330FCF013B89}.Debug|Any CPU.Build.0 = Debug|Any CPU
		{F60BD44D-8326-4D13-A346-330FCF013B89}.Release|Any CPU.ActiveCfg = Release|Any CPU
		{F60BD44D-8326-4D13-A346-330FCF013B89}.Release|Any CPU.Build.0 = Release|Any CPU
		{531C83FB-DF12-4B41-8713-14A4159E5FAB}.Debug|Any CPU.ActiveCfg = Debug|Any CPU
		{531C83FB-DF12-4B41-8713-14A4159E5FAB}.Debug|Any CPU.Build.0 = Debug|Any CPU
		{531C83FB-DF12-4B41-8713-14A4159E5FAB}.Release|Any CPU.ActiveCfg = Release|Any CPU
		{531C83FB-DF12-4B41-8713-14A4159E5FAB}.Release|Any CPU.Build.0 = Release|Any CPU
	EndGlobalSection
	GlobalSection(SolutionProperties) = preSolution
		HideSolutionNode = FALSE
	EndGlobalSection
	GlobalSection(ExtensibilityGlobals) = postSolution
		SolutionGuid = {58DD2622-6EEA-42EE-B787-C13BDAB35A85}
	EndGlobalSection
EndGlobal
