
Microsoft Visual Studio Solution File, Format Version 12.00
# Visual Studio Version 16
VisualStudioVersion = 16.0.31321.278
MinimumVisualStudioVersion = 10.0.40219.1
Project("{9A19103F-16F7-4668-BE54-9A1E7A4F7556}") = "EduTestWebApplication", "EduTestWebApplication.csproj", "{146EFA72-F070-416A-A37A-469DDF13944B}"
EndProject
Project("{FAE04EC0-301F-11D3-BF4B-00C04F79EFBC}") = "EduTestWebApplication.Test", "..\EduTestWebApplication.Test\EduTestWebApplication.Test.csproj", "{BACA42F8-52D0-404C-9078-5FEB54ADD052}"
EndProject
Global
	GlobalSection(SolutionConfigurationPlatforms) = preSolution
		Debug|Any CPU = Debug|Any CPU
		Release|Any CPU = Release|Any CPU
	EndGlobalSection
	GlobalSection(ProjectConfigurationPlatforms) = postSolution
		{146EFA72-F070-416A-A37A-469DDF13944B}.Debug|Any CPU.ActiveCfg = Debug|Any CPU
		{146EFA72-F070-416A-A37A-469DDF13944B}.Debug|Any CPU.Build.0 = Debug|Any CPU
		{146EFA72-F070-416A-A37A-469DDF13944B}.Release|Any CPU.ActiveCfg = Release|Any CPU
		{146EFA72-F070-416A-A37A-469DDF13944B}.Release|Any CPU.Build.0 = Release|Any CPU
		{BACA42F8-52D0-404C-9078-5FEB54ADD052}.Debug|Any CPU.ActiveCfg = Debug|Any CPU
		{BACA42F8-52D0-404C-9078-5FEB54ADD052}.Debug|Any CPU.Build.0 = Debug|Any CPU
		{BACA42F8-52D0-404C-9078-5FEB54ADD052}.Release|Any CPU.ActiveCfg = Release|Any CPU
		{BACA42F8-52D0-404C-9078-5FEB54ADD052}.Release|Any CPU.Build.0 = Release|Any CPU
	EndGlobalSection
	GlobalSection(SolutionProperties) = preSolution
		HideSolutionNode = FALSE
	EndGlobalSection
	GlobalSection(ExtensibilityGlobals) = postSolution
		SolutionGuid = {0A93DF1E-20CB-482B-9C55-BEC9BB15CE89}
	EndGlobalSection
EndGlobal
